
Microsoft Visual Studio Solution File, Format Version 12.00
# Visual Studio Version 17
VisualStudioVersion = 17.14.36705.20
MinimumVisualStudioVersion = 10.0.40219.1
Project("{FAE04EC0-301F-11D3-BF4B-00C04F79EFBC}") = "TechMove", "TechMove.csproj", "{29CBFAE2-C140-466C-9FA1-5AB591E4D807}"
EndProject
Project("{FAE04EC0-301F-11D3-BF4B-00C04F79EFBC}") = "TechMove.Tests", "..\TechMove.Tests\TechMove.Tests.csproj", "{1D5E212F-07EE-4A38-B55E-03751CE62FA9}"
EndProject
Global
	GlobalSection(SolutionConfigurationPlatforms) = preSolution
		Debug|Any CPU = Debug|Any CPU
		Release|Any CPU = Release|Any CPU
	EndGlobalSection
	GlobalSection(ProjectConfigurationPlatforms) = postSolution
		{29CBFAE2-C140-466C-9FA1-5AB591E4D807}.Debug|Any CPU.ActiveCfg = Debug|Any CPU
		{29CBFAE2-C140-466C-9FA1-5AB591E4D807}.Debug|Any CPU.Build.0 = Debug|Any CPU
		{29CBFAE2-C140-466C-9FA1-5AB591E4D807}.Release|Any CPU.ActiveCfg = Release|Any CPU
		{29CBFAE2-C140-466C-9FA1-5AB591E4D807}.Release|Any CPU.Build.0 = Release|Any CPU
		{1D5E212F-07EE-4A38-B55E-03751CE62FA9}.Debug|Any CPU.ActiveCfg = Debug|Any CPU
		{1D5E212F-07EE-4A38-B55E-03751CE62FA9}.Debug|Any CPU.Build.0 = Debug|Any CPU
		{1D5E212F-07EE-4A38-B55E-03751CE62FA9}.Release|Any CPU.ActiveCfg = Release|Any CPU
		{1D5E212F-07EE-4A38-B55E-03751CE62FA9}.Release|Any CPU.Build.0 = Release|Any CPU
	EndGlobalSection
	GlobalSection(SolutionProperties) = preSolution
		HideSolutionNode = FALSE
	EndGlobalSection
	GlobalSection(ExtensibilityGlobals) = postSolution
		SolutionGuid = {F99F3281-7F40-410B-A84D-465A1CC83F1D}
	EndGlobalSection
EndGlobal
